
Microsoft Visual Studio Solution File, Format Version 12.00
# Visual Studio Version 17
VisualStudioVersion = 17.14.36414.22
MinimumVisualStudioVersion = 10.0.40219.1
Project("{2150E333-8FDC-42A3-9474-1A3956D46DE8}") = "Task0", "Task0", "{02EA681E-C7D8-13C7-8484-4AC65E1B71E8}"
EndProject
Project("{FAE04EC0-301F-11D3-BF4B-00C04F79EFBC}") = "Tyuiu.Kazhahmetov.Sprint3.Task0.V15", "Tyuiu.Kazhahmetov.Spritn3.Task0.V15\Tyuiu.Kazhahmetov.Sprint3.Task0.V15.csproj", "{2A4B1D74-2B93-4B21-99E0-5CA69D971894}"
EndProject
Project("{FAE04EC0-301F-11D3-BF4B-00C04F79EFBC}") = "Tyuiu.Kazhahmetov.Sprint3.Task0.V15.Lib", "Tyuiu.Kazhahmetov.Spritn3.Task0.V15.Lib\Tyuiu.Kazhahmetov.Sprint3.Task0.V15.Lib.csproj", "{DBD52079-E5BF-4253-B2E3-F9812697E4EE}"
EndProject
Project("{FAE04EC0-301F-11D3-BF4B-00C04F79EFBC}") = "Tyuiu.Kazhahmetov.Sprint3.Task0.V15.Test", "Tyuiu.Kazhahmetov.Spritn3.Task0.V15.Test\Tyuiu.Kazhahmetov.Sprint3.Task0.V15.Test.csproj", "{7004BBBD-6E04-453D-B449-0BFB067FEAA2}"
EndProject
Project("{2150E333-8FDC-42A3-9474-1A3956D46DE8}") = "Task1", "Task1", "{D08FE89F-78B8-4535-B4F3-A5DF9D9062D4}"
EndProject
Project("{FAE04EC0-301F-11D3-BF4B-00C04F79EFBC}") = "Tyuiu.Kazhahmetov.Sprint3.Task1.V7", "Tyuiu.Kazhahmetov.Sprint3.Task1.V7\Tyuiu.Kazhahmetov.Sprint3.Task1.V7.csproj", "{4A7338B1-2C7A-4836-8921-4F922D244881}"
EndProject
Project("{FAE04EC0-301F-11D3-BF4B-00C04F79EFBC}") = "Tyuiu.Kazhahmetov.Sprint3.Task1.V7.Lib", "Tyuiu.Kazhahmetov.Sprint3.Task1.V7.Lib\Tyuiu.Kazhahmetov.Sprint3.Task1.V7.Lib.csproj", "{74306B9C-B4AA-4D11-85FE-337406CE8D52}"
EndProject
Project("{FAE04EC0-301F-11D3-BF4B-00C04F79EFBC}") = "Tyuiu.Kazhahmetov.Sprint3.Task1.V7.Test", "Tyuiu.Kazhahmetov.Sprint3.Task1.V7.Test\Tyuiu.Kazhahmetov.Sprint3.Task1.V7.Test.csproj", "{BB0FF5C0-76B6-496E-B09E-173B9098C9AB}"
EndProject
Project("{2150E333-8FDC-42A3-9474-1A3956D46DE8}") = "Task2", "Task2", "{7398A555-CCF7-496F-BA41-6559B5DB73B9}"
EndProject
Project("{FAE04EC0-301F-11D3-BF4B-00C04F79EFBC}") = "Tyuiu.Kazhahmetov.Sprint3.Task2.V9", "Tyuiu.Kazhahmetov.Sprint3.Task2.V9\Tyuiu.Kazhahmetov.Sprint3.Task2.V9.csproj", "{23C41E50-8A1B-48EA-A3BE-70DB5A3E9428}"
EndProject
Project("{FAE04EC0-301F-11D3-BF4B-00C04F79EFBC}") = "Tyuiu.Kazhahmetov.Sprint3.Task2.V9.Lib", "Tyuiu.Kazhahmetov.Sprint3.Task2.V9.Lib\Tyuiu.Kazhahmetov.Sprint3.Task2.V9.Lib.csproj", "{77B3B180-C2D5-4DDF-95FC-2898E9F8B954}"
EndProject
Project("{FAE04EC0-301F-11D3-BF4B-00C04F79EFBC}") = "Tyuiu.Kazhahmetov.Sprint3.Task2.V9.Test", "Tyuiu.Kazhahmetov.Sprint3.Task2.V9.Test\Tyuiu.Kazhahmetov.Sprint3.Task2.V9.Test.csproj", "{ACB56500-ED78-4BBB-827B-478CE25D480D}"
EndProject
Project("{2150E333-8FDC-42A3-9474-1A3956D46DE8}") = "Task3", "Task3", "{03AED1A0-5D65-46D4-84B6-FBEC7349615D}"
EndProject
Project("{FAE04EC0-301F-11D3-BF4B-00C04F79EFBC}") = "Tyuiu.Kazhahmetov.Sprint3.Task3.V14", "Tyuiu.Kazhahmetov.Sprint3.Task3.V14\Tyuiu.Kazhahmetov.Sprint3.Task3.V14.csproj", "{A6F37D26-1C4D-4377-8BE5-B7B4F4A3B13C}"
EndProject
Project("{FAE04EC0-301F-11D3-BF4B-00C04F79EFBC}") = "Tyuiu.Kazhahmetov.Sprint3.Task3.V14.Lib", "Tyuiu.Kazhahmetov.Sprint3.Task3.V14.Lib\Tyuiu.Kazhahmetov.Sprint3.Task3.V14.Lib.csproj", "{D8F456E0-144A-4F39-98DE-218E9DB89908}"
EndProject
Project("{FAE04EC0-301F-11D3-BF4B-00C04F79EFBC}") = "Tyuiu.Kazhahmetov.Sprint3.Task3.V14.Test", "Tyuiu.Kazhahmetov.Sprint3.Task3.V14.Test\Tyuiu.Kazhahmetov.Sprint3.Task3.V14.Test.csproj", "{17C57DB5-4B05-4685-9C80-11017216BEEC}"
EndProject
Project("{2150E333-8FDC-42A3-9474-1A3956D46DE8}") = "Task4", "Task4", "{58BB88ED-5DDB-4002-B5B7-CEFCDD71FDE1}"
EndProject
Project("{FAE04EC0-301F-11D3-BF4B-00C04F79EFBC}") = "Tyuiu.Kazhahmetov.Sprint3.Task4.V4", "Tyuiu.Kazhahmetov.Sprint3.Task4.V4\Tyuiu.Kazhahmetov.Sprint3.Task4.V4.csproj", "{45132100-F271-4D6A-B2E6-C2992EBD0261}"
EndProject
Project("{FAE04EC0-301F-11D3-BF4B-00C04F79EFBC}") = "Tyuiu.Kazhahmetov.Sprint3.Task4.V4.Lib", "Tyuiu.Kazhahmetov.Sprint3.Task4.V4.Lib\Tyuiu.Kazhahmetov.Sprint3.Task4.V4.Lib.csproj", "{33D79448-CCFC-47D0-B7BE-E8AC7FFD8E97}"
EndProject
Project("{FAE04EC0-301F-11D3-BF4B-00C04F79EFBC}") = "Tyuiu.Kazhahmetov.Sprint3.Task4.V4.Test", "Tyuiu.Kazhahmetov.Sprint3.Task4.V4.Test\Tyuiu.Kazhahmetov.Sprint3.Task4.V4.Test.csproj", "{6DA8C950-043C-4843-AB3F-C1391B4A0257}"
EndProject
Project("{2150E333-8FDC-42A3-9474-1A3956D46DE8}") = "Task5", "Task5", "{98F0A2CD-90CD-4D8B-A70C-872FB5C7E3C5}"
EndProject
Project("{FAE04EC0-301F-11D3-BF4B-00C04F79EFBC}") = "Tyuiu.Kazhahmetov.Sprint3.Task5.V6", "Tyuiu.Kazhahmetov.Sprint3.Task5.V6\Tyuiu.Kazhahmetov.Sprint3.Task5.V6.csproj", "{627B731C-6987-4619-BA7B-79726D344706}"
EndProject
Project("{FAE04EC0-301F-11D3-BF4B-00C04F79EFBC}") = "Tyuiu.Kazhahmetov.Sprint3.Task5.V6.Lib", "Tyuiu.Kazhahmetov.Sprint3.Task5.V6.Lib\Tyuiu.Kazhahmetov.Sprint3.Task5.V6.Lib.csproj", "{C5EAB2B7-AF83-4294-8AD4-BD0F9548B513}"
EndProject
Project("{FAE04EC0-301F-11D3-BF4B-00C04F79EFBC}") = "Tyuiu.Kazhahmetov.Sprint3.Task5.V6.Test", "Tyuiu.Kazhahmetov.Sprint3.Task5.V6.Test\Tyuiu.Kazhahmetov.Sprint3.Task5.V6.Test.csproj", "{A996A714-76D8-4131-A972-869C4EF4AA68}"
EndProject
Project("{2150E333-8FDC-42A3-9474-1A3956D46DE8}") = "Task6", "Task6", "{74BD8A84-2295-499B-B52F-D9C2EA7C700E}"
EndProject
Project("{FAE04EC0-301F-11D3-BF4B-00C04F79EFBC}") = "Tyuiu.Kazhahmetov.Sprint3.Task6.V15", "Tyuiu.Kazhahmetov.Sprint3.Task6.V15\Tyuiu.Kazhahmetov.Sprint3.Task6.V15.csproj", "{06DCC680-47CA-458C-B3DA-E8689068873D}"
EndProject
Project("{FAE04EC0-301F-11D3-BF4B-00C04F79EFBC}") = "Tyuiu.Kazhahmetov.Sprint3.Task6.V15.Lib", "Tyuiu.Kazhahmetov.Sprint3.Task6.V15.Lib\Tyuiu.Kazhahmetov.Sprint3.Task6.V15.Lib.csproj", "{CD10ABA8-333C-4733-9502-5D1587D17963}"
EndProject
Project("{FAE04EC0-301F-11D3-BF4B-00C04F79EFBC}") = "Tyuiu.Kazhahmetov.Sprint3.Task6.V15.Test", "Tyuiu.Kazhahmetov.Sprint3.Task6.V15.Test\Tyuiu.Kazhahmetov.Sprint3.Task6.V15.Test.csproj", "{1458FBD9-F5D9-4270-BC7B-B9106E5C8417}"
EndProject
Project("{2150E333-8FDC-42A3-9474-1A3956D46DE8}") = "Task7", "Task7", "{833C342C-3AD7-487D-849F-56191DDF49C1}"
EndProject
Project("{FAE04EC0-301F-11D3-BF4B-00C04F79EFBC}") = "Tyuiu.Kazhahmetov.Sprint3.Task7.V9", "Tyuiu.Kazhahmetov.Sprint3.Task7.V9\Tyuiu.Kazhahmetov.Sprint3.Task7.V9.csproj", "{A4A0F229-0C7B-4574-ADA1-7B5AEBD2F1A4}"
EndProject
Project("{FAE04EC0-301F-11D3-BF4B-00C04F79EFBC}") = "Tyuiu.Kazhahmetov.Sprint3.Task7.V9.Lib", "Tyuiu.Kazhahmetov.Sprint3.Task7.V9.Lib\Tyuiu.Kazhahmetov.Sprint3.Task7.V9.Lib.csproj", "{9ADE152E-5B47-4D70-9CAD-66EAEC816B0B}"
EndProject
Project("{FAE04EC0-301F-11D3-BF4B-00C04F79EFBC}") = "Tyuiu.Kazhahmetov.Sprint3.Task7.V9.Test", "Tyuiu.Kazhahmetov.Sprint3.Task7.V9.Test\Tyuiu.Kazhahmetov.Sprint3.Task7.V9.Test.csproj", "{6E339A3D-F5A8-4E77-928F-64E289213424}"
EndProject
Global
	GlobalSection(SolutionConfigurationPlatforms) = preSolution
		Debug|Any CPU = Debug|Any CPU
		Release|Any CPU = Release|Any CPU
	EndGlobalSection
	GlobalSection(ProjectConfigurationPlatforms) = postSolution
		{2A4B1D74-2B93-4B21-99E0-5CA69D971894}.Debug|Any CPU.ActiveCfg = Debug|Any CPU
		{2A4B1D74-2B93-4B21-99E0-5CA69D971894}.Debug|Any CPU.Build.0 = Debug|Any CPU
		{2A4B1D74-2B93-4B21-99E0-5CA69D971894}.Release|Any CPU.ActiveCfg = Release|Any CPU
		{2A4B1D74-2B93-4B21-99E0-5CA69D971894}.Release|Any CPU.Build.0 = Release|Any CPU
		{DBD52079-E5BF-4253-B2E3-F9812697E4EE}.Debug|Any CPU.ActiveCfg = Debug|Any CPU
		{DBD52079-E5BF-4253-B2E3-F9812697E4EE}.Debug|Any CPU.Build.0 = Debug|Any CPU
		{DBD52079-E5BF-4253-B2E3-F9812697E4EE}.Release|Any CPU.ActiveCfg = Release|Any CPU
		{DBD52079-E5BF-4253-B2E3-F9812697E4EE}.Release|Any CPU.Build.0 = Release|Any CPU
		{7004BBBD-6E04-453D-B449-0BFB067FEAA2}.Debug|Any CPU.ActiveCfg = Debug|Any CPU
		{7004BBBD-6E04-453D-B449-0BFB067FEAA2}.Debug|Any CPU.Build.0 = Debug|Any CPU
		{7004BBBD-6E04-453D-B449-0BFB067FEAA2}.Release|Any CPU.ActiveCfg = Release|Any CPU
		{7004BBBD-6E04-453D-B449-0BFB067FEAA2}.Release|Any CPU.Build.0 = Release|Any CPU
		{4A7338B1-2C7A-4836-8921-4F922D244881}.Debug|Any CPU.ActiveCfg = Debug|Any CPU
		{4A7338B1-2C7A-4836-8921-4F922D244881}.Debug|Any CPU.Build.0 = Debug|Any CPU
		{4A7338B1-2C7A-4836-8921-4F922D244881}.Release|Any CPU.ActiveCfg = Release|Any CPU
		{4A7338B1-2C7A-4836-8921-4F922D244881}.Release|Any CPU.Build.0 = Release|Any CPU
		{74306B9C-B4AA-4D11-85FE-337406CE8D52}.Debug|Any CPU.ActiveCfg = Debug|Any CPU
		{74306B9C-B4AA-4D11-85FE-337406CE8D52}.Debug|Any CPU.Build.0 = Debug|Any CPU
		{74306B9C-B4AA-4D11-85FE-337406CE8D52}.Release|Any CPU.ActiveCfg = Release|Any CPU
		{74306B9C-B4AA-4D11-85FE-337406CE8D52}.Release|Any CPU.Build.0 = Release|Any CPU
		{BB0FF5C0-76B6-496E-B09E-173B9098C9AB}.Debug|Any CPU.ActiveCfg = Debug|Any CPU
		{BB0FF5C0-76B6-496E-B09E-173B9098C9AB}.Debug|Any CPU.Build.0 = Debug|Any CPU
		{BB0FF5C0-76B6-496E-B09E-173B9098C9AB}.Release|Any CPU.ActiveCfg = Release|Any CPU
		{BB0FF5C0-76B6-496E-B09E-173B9098C9AB}.Release|Any CPU.Build.0 = Release|Any CPU
		{23C41E50-8A1B-48EA-A3BE-70DB5A3E9428}.Debug|Any CPU.ActiveCfg = Debug|Any CPU
		{23C41E50-8A1B-48EA-A3BE-70DB5A3E9428}.Debug|Any CPU.Build.0 = Debug|Any CPU
		{23C41E50-8A1B-48EA-A3BE-70DB5A3E9428}.Release|Any CPU.ActiveCfg = Release|Any CPU
		{23C41E50-8A1B-48EA-A3BE-70DB5A3E9428}.Release|Any CPU.Build.0 = Release|Any CPU
		{77B3B180-C2D5-4DDF-95FC-2898E9F8B954}.Debug|Any CPU.ActiveCfg = Debug|Any CPU
		{77B3B180-C2D5-4DDF-95FC-2898E9F8B954}.Debug|Any CPU.Build.0 = Debug|Any CPU
		{77B3B180-C2D5-4DDF-95FC-2898E9F8B954}.Release|Any CPU.ActiveCfg = Release|Any CPU
		{77B3B180-C2D5-4DDF-95FC-2898E9F8B954}.Release|Any CPU.Build.0 = Release|Any CPU
		{ACB56500-ED78-4BBB-827B-478CE25D480D}.Debug|Any CPU.ActiveCfg = Debug|Any CPU
		{ACB56500-ED78-4BBB-827B-478CE25D480D}.Debug|Any CPU.Build.0 = Debug|Any CPU
		{ACB56500-ED78-4BBB-827B-478CE25D480D}.Release|Any CPU.ActiveCfg = Release|Any CPU
		{ACB56500-ED78-4BBB-827B-478CE25D480D}.Release|Any CPU.Build.0 = Release|Any CPU
		{A6F37D26-1C4D-4377-8BE5-B7B4F4A3B13C}.Debug|Any CPU.ActiveCfg = Debug|Any CPU
		{A6F37D26-1C4D-4377-8BE5-B7B4F4A3B13C}.Debug|Any CPU.Build.0 = Debug|Any CPU
		{A6F37D26-1C4D-4377-8BE5-B7B4F4A3B13C}.Release|Any CPU.ActiveCfg = Release|Any CPU
		{A6F37D26-1C4D-4377-8BE5-B7B4F4A3B13C}.Release|Any CPU.Build.0 = Release|Any CPU
		{D8F456E0-144A-4F39-98DE-218E9DB89908}.Debug|Any CPU.ActiveCfg = Debug|Any CPU
		{D8F456E0-144A-4F39-98DE-218E9DB89908}.Debug|Any CPU.Build.0 = Debug|Any CPU
		{D8F456E0-144A-4F39-98DE-218E9DB89908}.Release|Any CPU.ActiveCfg = Release|Any CPU
		{D8F456E0-144A-4F39-98DE-218E9DB89908}.Release|Any CPU.Build.0 = Release|Any CPU
		{17C57DB5-4B05-4685-9C80-11017216BEEC}.Debug|Any CPU.ActiveCfg = Debug|Any CPU
		{17C57DB5-4B05-4685-9C80-11017216BEEC}.Debug|Any CPU.Build.0 = Debug|Any CPU
		{17C57DB5-4B05-4685-9C80-11017216BEEC}.Release|Any CPU.ActiveCfg = Release|Any CPU
		{17C57DB5-4B05-4685-9C80-11017216BEEC}.Release|Any CPU.Build.0 = Release|Any CPU
		{45132100-F271-4D6A-B2E6-C2992EBD0261}.Debug|Any CPU.ActiveCfg = Debug|Any CPU
		{45132100-F271-4D6A-B2E6-C2992EBD0261}.Debug|Any CPU.Build.0 = Debug|Any CPU
		{45132100-F271-4D6A-B2E6-C2992EBD0261}.Release|Any CPU.ActiveCfg = Release|Any CPU
		{45132100-F271-4D6A-B2E6-C2992EBD0261}.Release|Any CPU.Build.0 = Release|Any CPU
		{33D79448-CCFC-47D0-B7BE-E8AC7FFD8E97}.Debug|Any CPU.ActiveCfg = Debug|Any CPU
		{33D79448-CCFC-47D0-B7BE-E8AC7FFD8E97}.Debug|Any CPU.Build.0 = Debug|Any CPU
		{33D79448-CCFC-47D0-B7BE-E8AC7FFD8E97}.Release|Any CPU.ActiveCfg = Release|Any CPU
		{33D79448-CCFC-47D0-B7BE-E8AC7FFD8E97}.Release|Any CPU.Build.0 = Release|Any CPU
		{6DA8C950-043C-4843-AB3F-C1391B4A0257}.Debug|Any CPU.ActiveCfg = Debug|Any CPU
		{6DA8C950-043C-4843-AB3F-C1391B4A0257}.Debug|Any CPU.Build.0 = Debug|Any CPU
		{6DA8C950-043C-4843-AB3F-C1391B4A0257}.Release|Any CPU.ActiveCfg = Release|Any CPU
		{6DA8C950-043C-4843-AB3F-C1391B4A0257}.Release|Any CPU.Build.0 = Release|Any CPU
		{627B731C-6987-4619-BA7B-79726D344706}.Debug|Any CPU.ActiveCfg = Debug|Any CPU
		{627B731C-6987-4619-BA7B-79726D344706}.Debug|Any CPU.Build.0 = Debug|Any CPU
		{627B731C-6987-4619-BA7B-79726D344706}.Release|Any CPU.ActiveCfg = Release|Any CPU
		{627B731C-6987-4619-BA7B-79726D344706}.Release|Any CPU.Build.0 = Release|Any CPU
		{C5EAB2B7-AF83-4294-8AD4-BD0F9548B513}.Debug|Any CPU.ActiveCfg = Debug|Any CPU
		{C5EAB2B7-AF83-4294-8AD4-BD0F9548B513}.Debug|Any CPU.Build.0 = Debug|Any CPU
		{C5EAB2B7-AF83-4294-8AD4-BD0F9548B513}.Release|Any CPU.ActiveCfg = Release|Any CPU
		{C5EAB2B7-AF83-4294-8AD4-BD0F9548B513}.Release|Any CPU.Build.0 = Release|Any CPU
		{A996A714-76D8-4131-A972-869C4EF4AA68}.Debug|Any CPU.ActiveCfg = Debug|Any CPU
		{A996A714-76D8-4131-A972-869C4EF4AA68}.Debug|Any CPU.Build.0 = Debug|Any CPU
		{A996A714-76D8-4131-A972-869C4EF4AA68}.Release|Any CPU.ActiveCfg = Release|Any CPU
		{A996A714-76D8-4131-A972-869C4EF4AA68}.Release|Any CPU.Build.0 = Release|Any CPU
		{06DCC680-47CA-458C-B3DA-E8689068873D}.Debug|Any CPU.ActiveCfg = Debug|Any CPU
		{06DCC680-47CA-458C-B3DA-E8689068873D}.Debug|Any CPU.Build.0 = Debug|Any CPU
		{06DCC680-47CA-458C-B3DA-E8689068873D}.Release|Any CPU.ActiveCfg = Release|Any CPU
		{06DCC680-47CA-458C-B3DA-E8689068873D}.Release|Any CPU.Build.0 = Release|Any CPU
		{CD10ABA8-333C-4733-9502-5D1587D17963}.Debug|Any CPU.ActiveCfg = Debug|Any CPU
		{CD10ABA8-333C-4733-9502-5D1587D17963}.Debug|Any CPU.Build.0 = Debug|Any CPU
		{CD10ABA8-333C-4733-9502-5D1587D17963}.Release|Any CPU.ActiveCfg = Release|Any CPU
		{CD10ABA8-333C-4733-9502-5D1587D17963}.Release|Any CPU.Build.0 = Release|Any CPU
		{1458FBD9-F5D9-4270-BC7B-B9106E5C8417}.Debug|Any CPU.ActiveCfg = Debug|Any CPU
		{1458FBD9-F5D9-4270-BC7B-B9106E5C8417}.Debug|Any CPU.Build.0 = Debug|Any CPU
		{1458FBD9-F5D9-4270-BC7B-B9106E5C8417}.Release|Any CPU.ActiveCfg = Release|Any CPU
		{1458FBD9-F5D9-4270-BC7B-B9106E5C8417}.Release|Any CPU.Build.0 = Release|Any CPU
		{A4A0F229-0C7B-4574-ADA1-7B5AEBD2F1A4}.Debug|Any CPU.ActiveCfg = Debug|Any CPU
		{A4A0F229-0C7B-4574-ADA1-7B5AEBD2F1A4}.Debug|Any CPU.Build.0 = Debug|Any CPU
		{A4A0F229-0C7B-4574-ADA1-7B5AEBD2F1A4}.Release|Any CPU.ActiveCfg = Release|Any CPU
		{A4A0F229-0C7B-4574-ADA1-7B5AEBD2F1A4}.Release|Any CPU.Build.0 = Release|Any CPU
		{9ADE152E-5B47-4D70-9CAD-66EAEC816B0B}.Debug|Any CPU.ActiveCfg = Debug|Any CPU
		{9ADE152E-5B47-4D70-9CAD-66EAEC816B0B}.Debug|Any CPU.Build.0 = Debug|Any CPU
		{9ADE152E-5B47-4D70-9CAD-66EAEC816B0B}.Release|Any CPU.ActiveCfg = Release|Any CPU
		{9ADE152E-5B47-4D70-9CAD-66EAEC816B0B}.Release|Any CPU.Build.0 = Release|Any CPU
		{6E339A3D-F5A8-4E77-928F-64E289213424}.Debug|Any CPU.ActiveCfg = Debug|Any CPU
		{6E339A3D-F5A8-4E77-928F-64E289213424}.Debug|Any CPU.Build.0 = Debug|Any CPU
		{6E339A3D-F5A8-4E77-928F-64E289213424}.Release|Any CPU.ActiveCfg = Release|Any CPU
		{6E339A3D-F5A8-4E77-928F-64E289213424}.Release|Any CPU.Build.0 = Release|Any CPU
	EndGlobalSection
	GlobalSection(SolutionProperties) = preSolution
		HideSolutionNode = FALSE
	EndGlobalSection
	GlobalSection(NestedProjects) = preSolution
		{2A4B1D74-2B93-4B21-99E0-5CA69D971894} = {02EA681E-C7D8-13C7-8484-4AC65E1B71E8}
		{DBD52079-E5BF-4253-B2E3-F9812697E4EE} = {02EA681E-C7D8-13C7-8484-4AC65E1B71E8}
		{7004BBBD-6E04-453D-B449-0BFB067FEAA2} = {02EA681E-C7D8-13C7-8484-4AC65E1B71E8}
		{4A7338B1-2C7A-4836-8921-4F922D244881} = {D08FE89F-78B8-4535-B4F3-A5DF9D9062D4}
		{74306B9C-B4AA-4D11-85FE-337406CE8D52} = {D08FE89F-78B8-4535-B4F3-A5DF9D9062D4}
		{BB0FF5C0-76B6-496E-B09E-173B9098C9AB} = {D08FE89F-78B8-4535-B4F3-A5DF9D9062D4}
		{23C41E50-8A1B-48EA-A3BE-70DB5A3E9428} = {7398A555-CCF7-496F-BA41-6559B5DB73B9}
		{77B3B180-C2D5-4DDF-95FC-2898E9F8B954} = {7398A555-CCF7-496F-BA41-6559B5DB73B9}
		{ACB56500-ED78-4BBB-827B-478CE25D480D} = {7398A555-CCF7-496F-BA41-6559B5DB73B9}
		{A6F37D26-1C4D-4377-8BE5-B7B4F4A3B13C} = {03AED1A0-5D65-46D4-84B6-FBEC7349615D}
		{D8F456E0-144A-4F39-98DE-218E9DB89908} = {03AED1A0-5D65-46D4-84B6-FBEC7349615D}
		{17C57DB5-4B05-4685-9C80-11017216BEEC} = {03AED1A0-5D65-46D4-84B6-FBEC7349615D}
		{45132100-F271-4D6A-B2E6-C2992EBD0261} = {58BB88ED-5DDB-4002-B5B7-CEFCDD71FDE1}
		{33D79448-CCFC-47D0-B7BE-E8AC7FFD8E97} = {58BB88ED-5DDB-4002-B5B7-CEFCDD71FDE1}
		{6DA8C950-043C-4843-AB3F-C1391B4A0257} = {58BB88ED-5DDB-4002-B5B7-CEFCDD71FDE1}
		{627B731C-6987-4619-BA7B-79726D344706} = {98F0A2CD-90CD-4D8B-A70C-872FB5C7E3C5}
		{C5EAB2B7-AF83-4294-8AD4-BD0F9548B513} = {98F0A2CD-90CD-4D8B-A70C-872FB5C7E3C5}
		{A996A714-76D8-4131-A972-869C4EF4AA68} = {98F0A2CD-90CD-4D8B-A70C-872FB5C7E3C5}
		{06DCC680-47CA-458C-B3DA-E8689068873D} = {74BD8A84-2295-499B-B52F-D9C2EA7C700E}
		{CD10ABA8-333C-4733-9502-5D1587D17963} = {74BD8A84-2295-499B-B52F-D9C2EA7C700E}
		{1458FBD9-F5D9-4270-BC7B-B9106E5C8417} = {74BD8A84-2295-499B-B52F-D9C2EA7C700E}
		{A4A0F229-0C7B-4574-ADA1-7B5AEBD2F1A4} = {833C342C-3AD7-487D-849F-56191DDF49C1}
		{9ADE152E-5B47-4D70-9CAD-66EAEC816B0B} = {833C342C-3AD7-487D-849F-56191DDF49C1}
		{6E339A3D-F5A8-4E77-928F-64E289213424} = {833C342C-3AD7-487D-849F-56191DDF49C1}
	EndGlobalSection
	GlobalSection(ExtensibilityGlobals) = postSolution
		SolutionGuid = {D93DEAB7-7D9D-4EFD-9CB5-F72DFB1A77D4}
	EndGlobalSection
EndGlobal
