
Microsoft Visual Studio Solution File, Format Version 12.00
# Visual Studio Version 17
VisualStudioVersion = 17.14.36414.22
MinimumVisualStudioVersion = 10.0.40219.1
Project("{2150E333-8FDC-42A3-9474-1A3956D46DE8}") = "Task0", "Task0", "{02EA681E-C7D8-13C7-8484-4AC65E1B71E8}"
EndProject
Project("{FAE04EC0-301F-11D3-BF4B-00C04F79EFBC}") = "Tyuiu.Kazhahmetov.Sprint3.Task0.V15", "Tyuiu.Kazhahmetov.Spritn3.Task0.V15\Tyuiu.Kazhahmetov.Sprint3.Task0.V15.csproj", "{2A4B1D74-2B93-4B21-99E0-5CA69D971894}"
EndProject
Project("{FAE04EC0-301F-11D3-BF4B-00C04F79EFBC}") = "Tyuiu.Kazhahmetov.Sprint3.Task0.V15.Lib", "Tyuiu.Kazhahmetov.Spritn3.Task0.V15.Lib\Tyuiu.Kazhahmetov.Sprint3.Task0.V15.Lib.csproj", "{DBD52079-E5BF-4253-B2E3-F9812697E4EE}"
EndProject
Project("{FAE04EC0-301F-11D3-BF4B-00C04F79EFBC}") = "Tyuiu.Kazhahmetov.Sprint3.Task0.V15.Test", "Tyuiu.Kazhahmetov.Spritn3.Task0.V15.Test\Tyuiu.Kazhahmetov.Sprint3.Task0.V15.Test.csproj", "{7004BBBD-6E04-453D-B449-0BFB067FEAA2}"
EndProject
Project("{2150E333-8FDC-42A3-9474-1A3956D46DE8}") = "Task1", "Task1", "{D08FE89F-78B8-4535-B4F3-A5DF9D9062D4}"
EndProject
Project("{FAE04EC0-301F-11D3-BF4B-00C04F79EFBC}") = "Tyuiu.Kazhahmetov.Sprint3.Task1.V7", "Tyuiu.Kazhahmetov.Sprint3.Task1.V7\Tyuiu.Kazhahmetov.Sprint3.Task1.V7.csproj", "{4A7338B1-2C7A-4836-8921-4F922D244881}"
EndProject
Project("{FAE04EC0-301F-11D3-BF4B-00C04F79EFBC}") = "Tyuiu.Kazhahmetov.Sprint3.Task1.V7.Lib", "Tyuiu.Kazhahmetov.Sprint3.Task1.V7.Lib\Tyuiu.Kazhahmetov.Sprint3.Task1.V7.Lib.csproj", "{74306B9C-B4AA-4D11-85FE-337406CE8D52}"
EndProject
Project("{FAE04EC0-301F-11D3-BF4B-00C04F79EFBC}") = "Tyuiu.Kazhahmetov.Sprint3.Task1.V7.Test", "Tyuiu.Kazhahmetov.Sprint3.Task1.V7.Test\Tyuiu.Kazhahmetov.Sprint3.Task1.V7.Test.csproj", "{BB0FF5C0-76B6-496E-B09E-173B9098C9AB}"
EndProject
Project("{2150E333-8FDC-42A3-9474-1A3956D46DE8}") = "Task2", "Task2", "{7398A555-CCF7-496F-BA41-6559B5DB73B9}"
EndProject
Project("{FAE04EC0-301F-11D3-BF4B-00C04F79EFBC}") = "Tyuiu.Kazhahmetov.Sprint3.Task2.V9", "Tyuiu.Kazhahmetov.Sprint3.Task2.V9\Tyuiu.Kazhahmetov.Sprint3.Task2.V9.csproj", "{23C41E50-8A1B-48EA-A3BE-70DB5A3E9428}"
EndProject
Project("{FAE04EC0-301F-11D3-BF4B-00C04F79EFBC}") = "Tyuiu.Kazhahmetov.Sprint3.Task2.V9.Lib", "Tyuiu.Kazhahmetov.Sprint3.Task2.V9.Lib\Tyuiu.Kazhahmetov.Sprint3.Task2.V9.Lib.csproj", "{77B3B180-C2D5-4DDF-95FC-2898E9F8B954}"
EndProject
Project("{FAE04EC0-301F-11D3-BF4B-00C04F79EFBC}") = "Tyuiu.Kazhahmetov.Sprint3.Task2.V9.Test", "Tyuiu.Kazhahmetov.Sprint3.Task2.V9.Test\Tyuiu.Kazhahmetov.Sprint3.Task2.V9.Test.csproj", "{ACB56500-ED78-4BBB-827B-478CE25D480D}"
EndProject
Project("{2150E333-8FDC-42A3-9474-1A3956D46DE8}") = "Task3", "Task3", "{03AED1A0-5D65-46D4-84B6-FBEC7349615D}"
EndProject
Project("{FAE04EC0-301F-11D3-BF4B-00C04F79EFBC}") = "Tyuiu.Kazhahmetov.Sprint3.Task3.V14", "Tyuiu.Kazhahmetov.Sprint3.Task3.V14\Tyuiu.Kazhahmetov.Sprint3.Task3.V14.csproj", "{A6F37D26-1C4D-4377-8BE5-B7B4F4A3B13C}"
EndProject
Project("{FAE04EC0-301F-11D3-BF4B-00C04F79EFBC}") = "Tyuiu.Kazhahmetov.Sprint3.Task3.V14.Lib", "Tyuiu.Kazhahmetov.Sprint3.Task3.V14.Lib\Tyuiu.Kazhahmetov.Sprint3.Task3.V14.Lib.csproj", "{D8F456E0-144A-4F39-98DE-218E9DB89908}"
EndProject
Project("{FAE04EC0-301F-11D3-BF4B-00C04F79EFBC}") = "Tyuiu.Kazhahmetov.Sprint3.Task3.V14.Test", "Tyuiu.Kazhahmetov.Sprint3.Task3.V14.Test\Tyuiu.Kazhahmetov.Sprint3.Task3.V14.Test.csproj", "{17C57DB5-4B05-4685-9C80-11017216BEEC}"
EndProject
Global
	GlobalSection(SolutionConfigurationPlatforms) = preSolution
		Debug|Any CPU = Debug|Any CPU
		Release|Any CPU = Release|Any CPU
	EndGlobalSection
	GlobalSection(ProjectConfigurationPlatforms) = postSolution
		{2A4B1D74-2B93-4B21-99E0-5CA69D971894}.Debug|Any CPU.ActiveCfg = Debug|Any CPU
		{2A4B1D74-2B93-4B21-99E0-5CA69D971894}.Debug|Any CPU.Build.0 = Debug|Any CPU
		{2A4B1D74-2B93-4B21-99E0-5CA69D971894}.Release|Any CPU.ActiveCfg = Release|Any CPU
		{2A4B1D74-2B93-4B21-99E0-5CA69D971894}.Release|Any CPU.Build.0 = Release|Any CPU
		{DBD52079-E5BF-4253-B2E3-F9812697E4EE}.Debug|Any CPU.ActiveCfg = Debug|Any CPU
		{DBD52079-E5BF-4253-B2E3-F9812697E4EE}.Debug|Any CPU.Build.0 = Debug|Any CPU
		{DBD52079-E5BF-4253-B2E3-F9812697E4EE}.Release|Any CPU.ActiveCfg = Release|Any CPU
		{DBD52079-E5BF-4253-B2E3-F9812697E4EE}.Release|Any CPU.Build.0 = Release|Any CPU
		{7004BBBD-6E04-453D-B449-0BFB067FEAA2}.Debug|Any CPU.ActiveCfg = Debug|Any CPU
		{7004BBBD-6E04-453D-B449-0BFB067FEAA2}.Debug|Any CPU.Build.0 = Debug|Any CPU
		{7004BBBD-6E04-453D-B449-0BFB067FEAA2}.Release|Any CPU.ActiveCfg = Release|Any CPU
		{7004BBBD-6E04-453D-B449-0BFB067FEAA2}.Release|Any CPU.Build.0 = Release|Any CPU
		{4A7338B1-2C7A-4836-8921-4F922D244881}.Debug|Any CPU.ActiveCfg = Debug|Any CPU
		{4A7338B1-2C7A-4836-8921-4F922D244881}.Debug|Any CPU.Build.0 = Debug|Any CPU
		{4A7338B1-2C7A-4836-8921-4F922D244881}.Release|Any CPU.ActiveCfg = Release|Any CPU
		{4A7338B1-2C7A-4836-8921-4F922D244881}.Release|Any CPU.Build.0 = Release|Any CPU
		{74306B9C-B4AA-4D11-85FE-337406CE8D52}.Debug|Any CPU.ActiveCfg = Debug|Any CPU
		{74306B9C-B4AA-4D11-85FE-337406CE8D52}.Debug|Any CPU.Build.0 = Debug|Any CPU
		{74306B9C-B4AA-4D11-85FE-337406CE8D52}.Release|Any CPU.ActiveCfg = Release|Any CPU
		{74306B9C-B4AA-4D11-85FE-337406CE8D52}.Release|Any CPU.Build.0 = Release|Any CPU
		{BB0FF5C0-76B6-496E-B09E-173B9098C9AB}.Debug|Any CPU.ActiveCfg = Debug|Any CPU
		{BB0FF5C0-76B6-496E-B09E-173B9098C9AB}.Debug|Any CPU.Build.0 = Debug|Any CPU
		{BB0FF5C0-76B6-496E-B09E-173B9098C9AB}.Release|Any CPU.ActiveCfg = Release|Any CPU
		{BB0FF5C0-76B6-496E-B09E-173B9098C9AB}.Release|Any CPU.Build.0 = Release|Any CPU
		{23C41E50-8A1B-48EA-A3BE-70DB5A3E9428}.Debug|Any CPU.ActiveCfg = Debug|Any CPU
		{23C41E50-8A1B-48EA-A3BE-70DB5A3E9428}.Debug|Any CPU.Build.0 = Debug|Any CPU
		{23C41E50-8A1B-48EA-A3BE-70DB5A3E9428}.Release|Any CPU.ActiveCfg = Release|Any CPU
		{23C41E50-8A1B-48EA-A3BE-70DB5A3E9428}.Release|Any CPU.Build.0 = Release|Any CPU
		{77B3B180-C2D5-4DDF-95FC-2898E9F8B954}.Debug|Any CPU.ActiveCfg = Debug|Any CPU
		{77B3B180-C2D5-4DDF-95FC-2898E9F8B954}.Debug|Any CPU.Build.0 = Debug|Any CPU
		{77B3B180-C2D5-4DDF-95FC-2898E9F8B954}.Release|Any CPU.ActiveCfg = Release|Any CPU
		{77B3B180-C2D5-4DDF-95FC-2898E9F8B954}.Release|Any CPU.Build.0 = Release|Any CPU
		{ACB56500-ED78-4BBB-827B-478CE25D480D}.Debug|Any CPU.ActiveCfg = Debug|Any CPU
		{ACB56500-ED78-4BBB-827B-478CE25D480D}.Debug|Any CPU.Build.0 = Debug|Any CPU
		{ACB56500-ED78-4BBB-827B-478CE25D480D}.Release|Any CPU.ActiveCfg = Release|Any CPU
		{ACB56500-ED78-4BBB-827B-478CE25D480D}.Release|Any CPU.Build.0 = Release|Any CPU
		{A6F37D26-1C4D-4377-8BE5-B7B4F4A3B13C}.Debug|Any CPU.ActiveCfg = Debug|Any CPU
		{A6F37D26-1C4D-4377-8BE5-B7B4F4A3B13C}.Debug|Any CPU.Build.0 = Debug|Any CPU
		{A6F37D26-1C4D-4377-8BE5-B7B4F4A3B13C}.Release|Any CPU.ActiveCfg = Release|Any CPU
		{A6F37D26-1C4D-4377-8BE5-B7B4F4A3B13C}.Release|Any CPU.Build.0 = Release|Any CPU
		{D8F456E0-144A-4F39-98DE-218E9DB89908}.Debug|Any CPU.ActiveCfg = Debug|Any CPU
		{D8F456E0-144A-4F39-98DE-218E9DB89908}.Debug|Any CPU.Build.0 = Debug|Any CPU
		{D8F456E0-144A-4F39-98DE-218E9DB89908}.Release|Any CPU.ActiveCfg = Release|Any CPU
		{D8F456E0-144A-4F39-98DE-218E9DB89908}.Release|Any CPU.Build.0 = Release|Any CPU
		{17C57DB5-4B05-4685-9C80-11017216BEEC}.Debug|Any CPU.ActiveCfg = Debug|Any CPU
		{17C57DB5-4B05-4685-9C80-11017216BEEC}.Debug|Any CPU.Build.0 = Debug|Any CPU
		{17C57DB5-4B05-4685-9C80-11017216BEEC}.Release|Any CPU.ActiveCfg = Release|Any CPU
		{17C57DB5-4B05-4685-9C80-11017216BEEC}.Release|Any CPU.Build.0 = Release|Any CPU
	EndGlobalSection
	GlobalSection(SolutionProperties) = preSolution
		HideSolutionNode = FALSE
	EndGlobalSection
	GlobalSection(NestedProjects) = preSolution
		{2A4B1D74-2B93-4B21-99E0-5CA69D971894} = {02EA681E-C7D8-13C7-8484-4AC65E1B71E8}
		{DBD52079-E5BF-4253-B2E3-F9812697E4EE} = {02EA681E-C7D8-13C7-8484-4AC65E1B71E8}
		{7004BBBD-6E04-453D-B449-0BFB067FEAA2} = {02EA681E-C7D8-13C7-8484-4AC65E1B71E8}
		{4A7338B1-2C7A-4836-8921-4F922D244881} = {D08FE89F-78B8-4535-B4F3-A5DF9D9062D4}
		{74306B9C-B4AA-4D11-85FE-337406CE8D52} = {D08FE89F-78B8-4535-B4F3-A5DF9D9062D4}
		{BB0FF5C0-76B6-496E-B09E-173B9098C9AB} = {D08FE89F-78B8-4535-B4F3-A5DF9D9062D4}
		{23C41E50-8A1B-48EA-A3BE-70DB5A3E9428} = {7398A555-CCF7-496F-BA41-6559B5DB73B9}
		{77B3B180-C2D5-4DDF-95FC-2898E9F8B954} = {7398A555-CCF7-496F-BA41-6559B5DB73B9}
		{ACB56500-ED78-4BBB-827B-478CE25D480D} = {7398A555-CCF7-496F-BA41-6559B5DB73B9}
		{A6F37D26-1C4D-4377-8BE5-B7B4F4A3B13C} = {03AED1A0-5D65-46D4-84B6-FBEC7349615D}
		{D8F456E0-144A-4F39-98DE-218E9DB89908} = {03AED1A0-5D65-46D4-84B6-FBEC7349615D}
		{17C57DB5-4B05-4685-9C80-11017216BEEC} = {03AED1A0-5D65-46D4-84B6-FBEC7349615D}
	EndGlobalSection
	GlobalSection(ExtensibilityGlobals) = postSolution
		SolutionGuid = {D93DEAB7-7D9D-4EFD-9CB5-F72DFB1A77D4}
	EndGlobalSection
EndGlobal
